
Microsoft Visual Studio Solution File, Format Version 12.00
# Visual Studio Version 17
VisualStudioVersion = 17.7.34031.279
MinimumVisualStudioVersion = 10.0.40219.1
Project("{FAE04EC0-301F-11D3-BF4B-00C04F79EFBC}") = "TiendaVideojuegos_reto", "TiendaVideojuegos_reto\TiendaVideojuegos_reto.csproj", "{9218A70F-4F8A-4CBA-83DD-896EB92B2832}"
EndProject
Global
	GlobalSection(SolutionConfigurationPlatforms) = preSolution
		Debug|Any CPU = Debug|Any CPU
		Release|Any CPU = Release|Any CPU
	EndGlobalSection
	GlobalSection(ProjectConfigurationPlatforms) = postSolution
		{9218A70F-4F8A-4CBA-83DD-896EB92B2832}.Debug|Any CPU.ActiveCfg = Debug|Any CPU
		{9218A70F-4F8A-4CBA-83DD-896EB92B2832}.Debug|Any CPU.Build.0 = Debug|Any CPU
		{9218A70F-4F8A-4CBA-83DD-896EB92B2832}.Release|Any CPU.ActiveCfg = Release|Any CPU
		{9218A70F-4F8A-4CBA-83DD-896EB92B2832}.Release|Any CPU.Build.0 = Release|Any CPU
	EndGlobalSection
	GlobalSection(SolutionProperties) = preSolution
		HideSolutionNode = FALSE
	EndGlobalSection
	GlobalSection(ExtensibilityGlobals) = postSolution
		SolutionGuid = {62A99394-0F02-4838-8913-0B398C6EB367}
	EndGlobalSection
EndGlobal
